// !$*UTF8*$!
{
	archiveVersion = 1;
	classes = {
	};
	objectVersion = 46;
	objects = {

/* Begin PBXBuildFile section */
		DB651BE11AFBB9CA000B6415 /* AppDelegate.swift in Sources */ = {isa = PBXBuildFile; fileRef = DB651BE01AFBB9CA000B6415 /* AppDelegate.swift */; };
		DB651BE61AFBB9CA000B6415 /* Main.storyboard in Resources */ = {isa = PBXBuildFile; fileRef = DB651BE41AFBB9CA000B6415 /* Main.storyboard */; };
		DB651BE81AFBB9CA000B6415 /* Images.xcassets in Resources */ = {isa = PBXBuildFile; fileRef = DB651BE71AFBB9CA000B6415 /* Images.xcassets */; };
		DB651BEB1AFBB9CA000B6415 /* LaunchScreen.xib in Resources */ = {isa = PBXBuildFile; fileRef = DB651BE91AFBB9CA000B6415 /* LaunchScreen.xib */; };
		DB651BF71AFBB9CA000B6415 /* hitokotoTests.swift in Sources */ = {isa = PBXBuildFile; fileRef = DB651BF61AFBB9CA000B6415 /* hitokotoTests.swift */; };
		DB651C081AFCCAB7000B6415 /* MainViewController.swift in Sources */ = {isa = PBXBuildFile; fileRef = DB651C071AFCCAB7000B6415 /* MainViewController.swift */; };
		DB651C3C1AFCD736000B6415 /* HitokotoDataKit.h in Headers */ = {isa = PBXBuildFile; fileRef = DB651C3B1AFCD736000B6415 /* HitokotoDataKit.h */; settings = {ATTRIBUTES = (Public, ); }; };
		DB651C421AFCD736000B6415 /* HitokotoDataKit.framework in Frameworks */ = {isa = PBXBuildFile; fileRef = DB651C371AFCD736000B6415 /* HitokotoDataKit.framework */; };
		DB651C4B1AFCD736000B6415 /* HitokotoDataKitTests.swift in Sources */ = {isa = PBXBuildFile; fileRef = DB651C4A1AFCD736000B6415 /* HitokotoDataKitTests.swift */; };
		DB651C4E1AFCD736000B6415 /* HitokotoDataKit.framework in Frameworks */ = {isa = PBXBuildFile; fileRef = DB651C371AFCD736000B6415 /* HitokotoDataKit.framework */; };
		DB651C4F1AFCD736000B6415 /* HitokotoDataKit.framework in Embed Frameworks */ = {isa = PBXBuildFile; fileRef = DB651C371AFCD736000B6415 /* HitokotoDataKit.framework */; settings = {ATTRIBUTES = (CodeSignOnCopy, RemoveHeadersOnCopy, ); }; };
		DB651C561AFCD769000B6415 /* HitokotoViewController.swift in Sources */ = {isa = PBXBuildFile; fileRef = DB651BE21AFBB9CA000B6415 /* HitokotoViewController.swift */; };
		DB651C571AFCD76E000B6415 /* HitokotoService.swift in Sources */ = {isa = PBXBuildFile; fileRef = DB651C051AFC79A6000B6415 /* HitokotoService.swift */; };
		DB651C581AFCD775000B6415 /* HitokotoData.swift in Sources */ = {isa = PBXBuildFile; fileRef = DB651C031AFC7972000B6415 /* HitokotoData.swift */; };
		DB67418F1AFCD8D500834BAF /* NotificationCenter.framework in Frameworks */ = {isa = PBXBuildFile; fileRef = DB67418E1AFCD8D500834BAF /* NotificationCenter.framework */; };
		DB6741941AFCD8D500834BAF /* TodayViewController.swift in Sources */ = {isa = PBXBuildFile; fileRef = DB6741931AFCD8D500834BAF /* TodayViewController.swift */; };
		DB6741961AFCD8D500834BAF /* MainInterface.storyboard in Resources */ = {isa = PBXBuildFile; fileRef = DB6741951AFCD8D500834BAF /* MainInterface.storyboard */; };
		DB6741991AFCD8D500834BAF /* Hitokoto Widget.appex in Embed App Extensions */ = {isa = PBXBuildFile; fileRef = DB67418C1AFCD8D500834BAF /* Hitokoto Widget.appex */; settings = {ATTRIBUTES = (RemoveHeadersOnCopy, ); }; };
		DB67419E1AFCD91200834BAF /* HitokotoDataKit.framework in Frameworks */ = {isa = PBXBuildFile; fileRef = DB651C371AFCD736000B6415 /* HitokotoDataKit.framework */; };
/* End PBXBuildFile section */

/* Begin PBXContainerItemProxy section */
		DB651BF11AFBB9CA000B6415 /* PBXContainerItemProxy */ = {
			isa = PBXContainerItemProxy;
			containerPortal = DB651BD31AFBB9CA000B6415 /* Project object */;
			proxyType = 1;
			remoteGlobalIDString = DB651BDA1AFBB9CA000B6415;
			remoteInfo = hitokoto;
		};
		DB651C431AFCD736000B6415 /* PBXContainerItemProxy */ = {
			isa = PBXContainerItemProxy;
			containerPortal = DB651BD31AFBB9CA000B6415 /* Project object */;
			proxyType = 1;
			remoteGlobalIDString = DB651C361AFCD736000B6415;
			remoteInfo = HitokotoDataKit;
		};
		DB651C451AFCD736000B6415 /* PBXContainerItemProxy */ = {
			isa = PBXContainerItemProxy;
			containerPortal = DB651BD31AFBB9CA000B6415 /* Project object */;
			proxyType = 1;
			remoteGlobalIDString = DB651BDA1AFBB9CA000B6415;
			remoteInfo = hitokoto;
		};
		DB651C4C1AFCD736000B6415 /* PBXContainerItemProxy */ = {
			isa = PBXContainerItemProxy;
			containerPortal = DB651BD31AFBB9CA000B6415 /* Project object */;
			proxyType = 1;
			remoteGlobalIDString = DB651C361AFCD736000B6415;
			remoteInfo = HitokotoDataKit;
		};
		DB6741971AFCD8D500834BAF /* PBXContainerItemProxy */ = {
			isa = PBXContainerItemProxy;
			containerPortal = DB651BD31AFBB9CA000B6415 /* Project object */;
			proxyType = 1;
			remoteGlobalIDString = DB67418B1AFCD8D500834BAF;
			remoteInfo = "Hitokoto Widget";
		};
/* End PBXContainerItemProxy section */

/* Begin PBXCopyFilesBuildPhase section */
		DB651C2A1AFCD498000B6415 /* Embed Frameworks */ = {
			isa = PBXCopyFilesBuildPhase;
			buildActionMask = 2147483647;
			dstPath = "";
			dstSubfolderSpec = 10;
			files = (
				DB651C4F1AFCD736000B6415 /* HitokotoDataKit.framework in Embed Frameworks */,
			);
			name = "Embed Frameworks";
			runOnlyForDeploymentPostprocessing = 0;
		};
		DB67419D1AFCD8D500834BAF /* Embed App Extensions */ = {
			isa = PBXCopyFilesBuildPhase;
			buildActionMask = 2147483647;
			dstPath = "";
			dstSubfolderSpec = 13;
			files = (
				DB6741991AFCD8D500834BAF /* Hitokoto Widget.appex in Embed App Extensions */,
			);
			name = "Embed App Extensions";
			runOnlyForDeploymentPostprocessing = 0;
		};
/* End PBXCopyFilesBuildPhase section */

/* Begin PBXFileReference section */
		DB651BDB1AFBB9CA000B6415 /* hitokoto.app */ = {isa = PBXFileReference; explicitFileType = wrapper.application; includeInIndex = 0; path = hitokoto.app; sourceTree = BUILT_PRODUCTS_DIR; };
		DB651BDF1AFBB9CA000B6415 /* Info.plist */ = {isa = PBXFileReference; lastKnownFileType = text.plist.xml; path = Info.plist; sourceTree = "<group>"; };
		DB651BE01AFBB9CA000B6415 /* AppDelegate.swift */ = {isa = PBXFileReference; lastKnownFileType = sourcecode.swift; path = AppDelegate.swift; sourceTree = "<group>"; };
		DB651BE21AFBB9CA000B6415 /* HitokotoViewController.swift */ = {isa = PBXFileReference; lastKnownFileType = sourcecode.swift; path = HitokotoViewController.swift; sourceTree = "<group>"; };
		DB651BE51AFBB9CA000B6415 /* Base */ = {isa = PBXFileReference; lastKnownFileType = file.storyboard; name = Base; path = Base.lproj/Main.storyboard; sourceTree = "<group>"; };
		DB651BE71AFBB9CA000B6415 /* Images.xcassets */ = {isa = PBXFileReference; lastKnownFileType = folder.assetcatalog; path = Images.xcassets; sourceTree = "<group>"; };
		DB651BEA1AFBB9CA000B6415 /* Base */ = {isa = PBXFileReference; lastKnownFileType = file.xib; name = Base; path = Base.lproj/LaunchScreen.xib; sourceTree = "<group>"; };
		DB651BF01AFBB9CA000B6415 /* hitokotoTests.xctest */ = {isa = PBXFileReference; explicitFileType = wrapper.cfbundle; includeInIndex = 0; path = hitokotoTests.xctest; sourceTree = BUILT_PRODUCTS_DIR; };
		DB651BF51AFBB9CA000B6415 /* Info.plist */ = {isa = PBXFileReference; lastKnownFileType = text.plist.xml; path = Info.plist; sourceTree = "<group>"; };
		DB651BF61AFBB9CA000B6415 /* hitokotoTests.swift */ = {isa = PBXFileReference; lastKnownFileType = sourcecode.swift; path = hitokotoTests.swift; sourceTree = "<group>"; };
		DB651C031AFC7972000B6415 /* HitokotoData.swift */ = {isa = PBXFileReference; fileEncoding = 4; lastKnownFileType = sourcecode.swift; name = HitokotoData.swift; path = HitokotoData/HitokotoData.swift; sourceTree = "<group>"; };
		DB651C051AFC79A6000B6415 /* HitokotoService.swift */ = {isa = PBXFileReference; fileEncoding = 4; lastKnownFileType = sourcecode.swift; name = HitokotoService.swift; path = HitokotoData/HitokotoService.swift; sourceTree = "<group>"; };
		DB651C071AFCCAB7000B6415 /* MainViewController.swift */ = {isa = PBXFileReference; fileEncoding = 4; lastKnownFileType = sourcecode.swift; path = MainViewController.swift; sourceTree = "<group>"; };
		DB651C371AFCD736000B6415 /* HitokotoDataKit.framework */ = {isa = PBXFileReference; explicitFileType = wrapper.framework; includeInIndex = 0; path = HitokotoDataKit.framework; sourceTree = BUILT_PRODUCTS_DIR; };
		DB651C3A1AFCD736000B6415 /* Info.plist */ = {isa = PBXFileReference; lastKnownFileType = text.plist.xml; path = Info.plist; sourceTree = "<group>"; };
		DB651C3B1AFCD736000B6415 /* HitokotoDataKit.h */ = {isa = PBXFileReference; lastKnownFileType = sourcecode.c.h; path = HitokotoDataKit.h; sourceTree = "<group>"; };
		DB651C411AFCD736000B6415 /* HitokotoDataKitTests.xctest */ = {isa = PBXFileReference; explicitFileType = wrapper.cfbundle; includeInIndex = 0; path = HitokotoDataKitTests.xctest; sourceTree = BUILT_PRODUCTS_DIR; };
		DB651C491AFCD736000B6415 /* Info.plist */ = {isa = PBXFileReference; lastKnownFileType = text.plist.xml; path = Info.plist; sourceTree = "<group>"; };
		DB651C4A1AFCD736000B6415 /* HitokotoDataKitTests.swift */ = {isa = PBXFileReference; lastKnownFileType = sourcecode.swift; path = HitokotoDataKitTests.swift; sourceTree = "<group>"; };
		DB67418C1AFCD8D500834BAF /* Hitokoto Widget.appex */ = {isa = PBXFileReference; explicitFileType = "wrapper.app-extension"; includeInIndex = 0; path = "Hitokoto Widget.appex"; sourceTree = BUILT_PRODUCTS_DIR; };
		DB67418E1AFCD8D500834BAF /* NotificationCenter.framework */ = {isa = PBXFileReference; lastKnownFileType = wrapper.framework; name = NotificationCenter.framework; path = System/Library/Frameworks/NotificationCenter.framework; sourceTree = SDKROOT; };
		DB6741921AFCD8D500834BAF /* Info.plist */ = {isa = PBXFileReference; lastKnownFileType = text.plist.xml; path = Info.plist; sourceTree = "<group>"; };
		DB6741931AFCD8D500834BAF /* TodayViewController.swift */ = {isa = PBXFileReference; lastKnownFileType = sourcecode.swift; path = TodayViewController.swift; sourceTree = "<group>"; };
		DB6741951AFCD8D500834BAF /* MainInterface.storyboard */ = {isa = PBXFileReference; lastKnownFileType = file.storyboard; path = MainInterface.storyboard; sourceTree = "<group>"; };
/* End PBXFileReference section */

/* Begin PBXFrameworksBuildPhase section */
		DB651BD81AFBB9CA000B6415 /* Frameworks */ = {
			isa = PBXFrameworksBuildPhase;
			buildActionMask = 2147483647;
			files = (
				DB651C4E1AFCD736000B6415 /* HitokotoDataKit.framework in Frameworks */,
			);
			runOnlyForDeploymentPostprocessing = 0;
		};
		DB651BED1AFBB9CA000B6415 /* Frameworks */ = {
			isa = PBXFrameworksBuildPhase;
			buildActionMask = 2147483647;
			files = (
			);
			runOnlyForDeploymentPostprocessing = 0;
		};
		DB651C331AFCD736000B6415 /* Frameworks */ = {
			isa = PBXFrameworksBuildPhase;
			buildActionMask = 2147483647;
			files = (
			);
			runOnlyForDeploymentPostprocessing = 0;
		};
		DB651C3E1AFCD736000B6415 /* Frameworks */ = {
			isa = PBXFrameworksBuildPhase;
			buildActionMask = 2147483647;
			files = (
				DB651C421AFCD736000B6415 /* HitokotoDataKit.framework in Frameworks */,
			);
			runOnlyForDeploymentPostprocessing = 0;
		};
		DB6741891AFCD8D500834BAF /* Frameworks */ = {
			isa = PBXFrameworksBuildPhase;
			buildActionMask = 2147483647;
			files = (
				DB67419E1AFCD91200834BAF /* HitokotoDataKit.framework in Frameworks */,
				DB67418F1AFCD8D500834BAF /* NotificationCenter.framework in Frameworks */,
			);
			runOnlyForDeploymentPostprocessing = 0;
		};
/* End PBXFrameworksBuildPhase section */

/* Begin PBXGroup section */
		DB651BD21AFBB9CA000B6415 = {
			isa = PBXGroup;
			children = (
				DB651BDD1AFBB9CA000B6415 /* hitokoto */,
				DB651BF31AFBB9CA000B6415 /* hitokotoTests */,
				DB651C381AFCD736000B6415 /* HitokotoDataKit */,
				DB651C471AFCD736000B6415 /* HitokotoDataKitTests */,
				DB6741901AFCD8D500834BAF /* Hitokoto Widget */,
				DB67418D1AFCD8D500834BAF /* Frameworks */,
				DB651BDC1AFBB9CA000B6415 /* Products */,
			);
			sourceTree = "<group>";
		};
		DB651BDC1AFBB9CA000B6415 /* Products */ = {
			isa = PBXGroup;
			children = (
				DB651BDB1AFBB9CA000B6415 /* hitokoto.app */,
				DB651BF01AFBB9CA000B6415 /* hitokotoTests.xctest */,
				DB651C371AFCD736000B6415 /* HitokotoDataKit.framework */,
				DB651C411AFCD736000B6415 /* HitokotoDataKitTests.xctest */,
				DB67418C1AFCD8D500834BAF /* Hitokoto Widget.appex */,
			);
			name = Products;
			sourceTree = "<group>";
		};
		DB651BDD1AFBB9CA000B6415 /* hitokoto */ = {
			isa = PBXGroup;
			children = (
				DB651C071AFCCAB7000B6415 /* MainViewController.swift */,
				DB651BE01AFBB9CA000B6415 /* AppDelegate.swift */,
				DB651BE41AFBB9CA000B6415 /* Main.storyboard */,
				DB651BE71AFBB9CA000B6415 /* Images.xcassets */,
				DB651BE91AFBB9CA000B6415 /* LaunchScreen.xib */,
				DB651BDE1AFBB9CA000B6415 /* Supporting Files */,
			);
			path = hitokoto;
			sourceTree = "<group>";
		};
		DB651BDE1AFBB9CA000B6415 /* Supporting Files */ = {
			isa = PBXGroup;
			children = (
				DB651BDF1AFBB9CA000B6415 /* Info.plist */,
			);
			name = "Supporting Files";
			sourceTree = "<group>";
		};
		DB651BF31AFBB9CA000B6415 /* hitokotoTests */ = {
			isa = PBXGroup;
			children = (
				DB651BF61AFBB9CA000B6415 /* hitokotoTests.swift */,
				DB651BF41AFBB9CA000B6415 /* Supporting Files */,
			);
			path = hitokotoTests;
			sourceTree = "<group>";
		};
		DB651BF41AFBB9CA000B6415 /* Supporting Files */ = {
			isa = PBXGroup;
			children = (
				DB651BF51AFBB9CA000B6415 /* Info.plist */,
			);
			name = "Supporting Files";
			sourceTree = "<group>";
		};
		DB651C021AFC7617000B6415 /* HitokotoData */ = {
			isa = PBXGroup;
			children = (
				DB651BE21AFBB9CA000B6415 /* HitokotoViewController.swift */,
				DB651C051AFC79A6000B6415 /* HitokotoService.swift */,
				DB651C031AFC7972000B6415 /* HitokotoData.swift */,
			);
			name = HitokotoData;
			path = ../hitokoto;
			sourceTree = "<group>";
		};
		DB651C381AFCD736000B6415 /* HitokotoDataKit */ = {
			isa = PBXGroup;
			children = (
				DB651C021AFC7617000B6415 /* HitokotoData */,
				DB651C3B1AFCD736000B6415 /* HitokotoDataKit.h */,
				DB651C391AFCD736000B6415 /* Supporting Files */,
			);
			path = HitokotoDataKit;
			sourceTree = "<group>";
		};
		DB651C391AFCD736000B6415 /* Supporting Files */ = {
			isa = PBXGroup;
			children = (
				DB651C3A1AFCD736000B6415 /* Info.plist */,
			);
			name = "Supporting Files";
			sourceTree = "<group>";
		};
		DB651C471AFCD736000B6415 /* HitokotoDataKitTests */ = {
			isa = PBXGroup;
			children = (
				DB651C4A1AFCD736000B6415 /* HitokotoDataKitTests.swift */,
				DB651C481AFCD736000B6415 /* Supporting Files */,
			);
			path = HitokotoDataKitTests;
			sourceTree = "<group>";
		};
		DB651C481AFCD736000B6415 /* Supporting Files */ = {
			isa = PBXGroup;
			children = (
				DB651C491AFCD736000B6415 /* Info.plist */,
			);
			name = "Supporting Files";
			sourceTree = "<group>";
		};
		DB67418D1AFCD8D500834BAF /* Frameworks */ = {
			isa = PBXGroup;
			children = (
				DB67418E1AFCD8D500834BAF /* NotificationCenter.framework */,
			);
			name = Frameworks;
			sourceTree = "<group>";
		};
		DB6741901AFCD8D500834BAF /* Hitokoto Widget */ = {
			isa = PBXGroup;
			children = (
				DB6741931AFCD8D500834BAF /* TodayViewController.swift */,
				DB6741951AFCD8D500834BAF /* MainInterface.storyboard */,
				DB6741911AFCD8D500834BAF /* Supporting Files */,
			);
			path = "Hitokoto Widget";
			sourceTree = "<group>";
		};
		DB6741911AFCD8D500834BAF /* Supporting Files */ = {
			isa = PBXGroup;
			children = (
				DB6741921AFCD8D500834BAF /* Info.plist */,
			);
			name = "Supporting Files";
			sourceTree = "<group>";
		};
/* End PBXGroup section */

/* Begin PBXHeadersBuildPhase section */
		DB651C341AFCD736000B6415 /* Headers */ = {
			isa = PBXHeadersBuildPhase;
			buildActionMask = 2147483647;
			files = (
				DB651C3C1AFCD736000B6415 /* HitokotoDataKit.h in Headers */,
			);
			runOnlyForDeploymentPostprocessing = 0;
		};
/* End PBXHeadersBuildPhase section */

/* Begin PBXNativeTarget section */
		DB651BDA1AFBB9CA000B6415 /* hitokoto */ = {
			isa = PBXNativeTarget;
			buildConfigurationList = DB651BFA1AFBB9CA000B6415 /* Build configuration list for PBXNativeTarget "hitokoto" */;
			buildPhases = (
				DB651BD71AFBB9CA000B6415 /* Sources */,
				DB651BD81AFBB9CA000B6415 /* Frameworks */,
				DB651BD91AFBB9CA000B6415 /* Resources */,
				DB651C2A1AFCD498000B6415 /* Embed Frameworks */,
				DB67419D1AFCD8D500834BAF /* Embed App Extensions */,
			);
			buildRules = (
			);
			dependencies = (
				DB651C4D1AFCD736000B6415 /* PBXTargetDependency */,
				DB6741981AFCD8D500834BAF /* PBXTargetDependency */,
			);
			name = hitokoto;
			productName = hitokoto;
			productReference = DB651BDB1AFBB9CA000B6415 /* hitokoto.app */;
			productType = "com.apple.product-type.application";
		};
		DB651BEF1AFBB9CA000B6415 /* hitokotoTests */ = {
			isa = PBXNativeTarget;
			buildConfigurationList = DB651BFD1AFBB9CA000B6415 /* Build configuration list for PBXNativeTarget "hitokotoTests" */;
			buildPhases = (
				DB651BEC1AFBB9CA000B6415 /* Sources */,
				DB651BED1AFBB9CA000B6415 /* Frameworks */,
				DB651BEE1AFBB9CA000B6415 /* Resources */,
			);
			buildRules = (
			);
			dependencies = (
				DB651BF21AFBB9CA000B6415 /* PBXTargetDependency */,
			);
			name = hitokotoTests;
			productName = hitokotoTests;
			productReference = DB651BF01AFBB9CA000B6415 /* hitokotoTests.xctest */;
			productType = "com.apple.product-type.bundle.unit-test";
		};
		DB651C361AFCD736000B6415 /* HitokotoDataKit */ = {
			isa = PBXNativeTarget;
			buildConfigurationList = DB651C501AFCD737000B6415 /* Build configuration list for PBXNativeTarget "HitokotoDataKit" */;
			buildPhases = (
				DB651C321AFCD736000B6415 /* Sources */,
				DB651C331AFCD736000B6415 /* Frameworks */,
				DB651C341AFCD736000B6415 /* Headers */,
				DB651C351AFCD736000B6415 /* Resources */,
			);
			buildRules = (
			);
			dependencies = (
			);
			name = HitokotoDataKit;
			productName = HitokotoDataKit;
			productReference = DB651C371AFCD736000B6415 /* HitokotoDataKit.framework */;
			productType = "com.apple.product-type.framework";
		};
		DB651C401AFCD736000B6415 /* HitokotoDataKitTests */ = {
			isa = PBXNativeTarget;
			buildConfigurationList = DB651C531AFCD737000B6415 /* Build configuration list for PBXNativeTarget "HitokotoDataKitTests" */;
			buildPhases = (
				DB651C3D1AFCD736000B6415 /* Sources */,
				DB651C3E1AFCD736000B6415 /* Frameworks */,
				DB651C3F1AFCD736000B6415 /* Resources */,
			);
			buildRules = (
			);
			dependencies = (
				DB651C441AFCD736000B6415 /* PBXTargetDependency */,
				DB651C461AFCD736000B6415 /* PBXTargetDependency */,
			);
			name = HitokotoDataKitTests;
			productName = HitokotoDataKitTests;
			productReference = DB651C411AFCD736000B6415 /* HitokotoDataKitTests.xctest */;
			productType = "com.apple.product-type.bundle.unit-test";
		};
		DB67418B1AFCD8D500834BAF /* Hitokoto Widget */ = {
			isa = PBXNativeTarget;
			buildConfigurationList = DB67419A1AFCD8D500834BAF /* Build configuration list for PBXNativeTarget "Hitokoto Widget" */;
			buildPhases = (
				DB6741881AFCD8D500834BAF /* Sources */,
				DB6741891AFCD8D500834BAF /* Frameworks */,
				DB67418A1AFCD8D500834BAF /* Resources */,
			);
			buildRules = (
			);
			dependencies = (
			);
			name = "Hitokoto Widget";
			productName = "Hitokoto Widget";
			productReference = DB67418C1AFCD8D500834BAF /* Hitokoto Widget.appex */;
			productType = "com.apple.product-type.app-extension";
		};
/* End PBXNativeTarget section */

/* Begin PBXProject section */
		DB651BD31AFBB9CA000B6415 /* Project object */ = {
			isa = PBXProject;
			attributes = {
				LastUpgradeCheck = 0630;
				ORGANIZATIONNAME = "Cirno MainasuK";
				TargetAttributes = {
					DB651BDA1AFBB9CA000B6415 = {
						CreatedOnToolsVersion = 6.3.1;
						DevelopmentTeam = Z68BDSMP42;
					};
					DB651BEF1AFBB9CA000B6415 = {
						CreatedOnToolsVersion = 6.3.1;
						TestTargetID = DB651BDA1AFBB9CA000B6415;
					};
					DB651C361AFCD736000B6415 = {
						CreatedOnToolsVersion = 6.3.1;
					};
					DB651C401AFCD736000B6415 = {
						CreatedOnToolsVersion = 6.3.1;
						TestTargetID = DB651BDA1AFBB9CA000B6415;
					};
					DB67418B1AFCD8D500834BAF = {
						CreatedOnToolsVersion = 6.3.1;
						DevelopmentTeam = Z68BDSMP42;
					};
				};
			};
			buildConfigurationList = DB651BD61AFBB9CA000B6415 /* Build configuration list for PBXProject "hitokoto" */;
			compatibilityVersion = "Xcode 3.2";
			developmentRegion = English;
			hasScannedForEncodings = 0;
			knownRegions = (
				en,
				Base,
			);
			mainGroup = DB651BD21AFBB9CA000B6415;
			productRefGroup = DB651BDC1AFBB9CA000B6415 /* Products */;
			projectDirPath = "";
			projectRoot = "";
			targets = (
				DB651BDA1AFBB9CA000B6415 /* hitokoto */,
				DB651BEF1AFBB9CA000B6415 /* hitokotoTests */,
				DB651C361AFCD736000B6415 /* HitokotoDataKit */,
				DB651C401AFCD736000B6415 /* HitokotoDataKitTests */,
				DB67418B1AFCD8D500834BAF /* Hitokoto Widget */,
			);
		};
/* End PBXProject section */

/* Begin PBXResourcesBuildPhase section */
		DB651BD91AFBB9CA000B6415 /* Resources */ = {
			isa = PBXResourcesBuildPhase;
			buildActionMask = 2147483647;
			files = (
				DB651BE61AFBB9CA000B6415 /* Main.storyboard in Resources */,
				DB651BEB1AFBB9CA000B6415 /* LaunchScreen.xib in Resources */,
				DB651BE81AFBB9CA000B6415 /* Images.xcassets in Resources */,
			);
			runOnlyForDeploymentPostprocessing = 0;
		};
		DB651BEE1AFBB9CA000B6415 /* Resources */ = {
			isa = PBXResourcesBuildPhase;
			buildActionMask = 2147483647;
			files = (
			);
			runOnlyForDeploymentPostprocessing = 0;
		};
		DB651C351AFCD736000B6415 /* Resources */ = {
			isa = PBXResourcesBuildPhase;
			buildActionMask = 2147483647;
			files = (
			);
			runOnlyForDeploymentPostprocessing = 0;
		};
		DB651C3F1AFCD736000B6415 /* Resources */ = {
			isa = PBXResourcesBuildPhase;
			buildActionMask = 2147483647;
			files = (
			);
			runOnlyForDeploymentPostprocessing = 0;
		};
		DB67418A1AFCD8D500834BAF /* Resources */ = {
			isa = PBXResourcesBuildPhase;
			buildActionMask = 2147483647;
			files = (
				DB6741961AFCD8D500834BAF /* MainInterface.storyboard in Resources */,
			);
			runOnlyForDeploymentPostprocessing = 0;
		};
/* End PBXResourcesBuildPhase section */

/* Begin PBXSourcesBuildPhase section */
		DB651BD71AFBB9CA000B6415 /* Sources */ = {
			isa = PBXSourcesBuildPhase;
			buildActionMask = 2147483647;
			files = (
				DB651BE11AFBB9CA000B6415 /* AppDelegate.swift in Sources */,
				DB651C081AFCCAB7000B6415 /* MainViewController.swift in Sources */,
			);
			runOnlyForDeploymentPostprocessing = 0;
		};
		DB651BEC1AFBB9CA000B6415 /* Sources */ = {
			isa = PBXSourcesBuildPhase;
			buildActionMask = 2147483647;
			files = (
				DB651BF71AFBB9CA000B6415 /* hitokotoTests.swift in Sources */,
			);
			runOnlyForDeploymentPostprocessing = 0;
		};
		DB651C321AFCD736000B6415 /* Sources */ = {
			isa = PBXSourcesBuildPhase;
			buildActionMask = 2147483647;
			files = (
				DB651C571AFCD76E000B6415 /* HitokotoService.swift in Sources */,
				DB651C561AFCD769000B6415 /* HitokotoViewController.swift in Sources */,
				DB651C581AFCD775000B6415 /* HitokotoData.swift in Sources */,
			);
			runOnlyForDeploymentPostprocessing = 0;
		};
		DB651C3D1AFCD736000B6415 /* Sources */ = {
			isa = PBXSourcesBuildPhase;
			buildActionMask = 2147483647;
			files = (
				DB651C4B1AFCD736000B6415 /* HitokotoDataKitTests.swift in Sources */,
			);
			runOnlyForDeploymentPostprocessing = 0;
		};
		DB6741881AFCD8D500834BAF /* Sources */ = {
			isa = PBXSourcesBuildPhase;
			buildActionMask = 2147483647;
			files = (
				DB6741941AFCD8D500834BAF /* TodayViewController.swift in Sources */,
			);
			runOnlyForDeploymentPostprocessing = 0;
		};
/* End PBXSourcesBuildPhase section */

/* Begin PBXTargetDependency section */
		DB651BF21AFBB9CA000B6415 /* PBXTargetDependency */ = {
			isa = PBXTargetDependency;
			target = DB651BDA1AFBB9CA000B6415 /* hitokoto */;
			targetProxy = DB651BF11AFBB9CA000B6415 /* PBXContainerItemProxy */;
		};
		DB651C441AFCD736000B6415 /* PBXTargetDependency */ = {
			isa = PBXTargetDependency;
			target = DB651C361AFCD736000B6415 /* HitokotoDataKit */;
			targetProxy = DB651C431AFCD736000B6415 /* PBXContainerItemProxy */;
		};
		DB651C461AFCD736000B6415 /* PBXTargetDependency */ = {
			isa = PBXTargetDependency;
			target = DB651BDA1AFBB9CA000B6415 /* hitokoto */;
			targetProxy = DB651C451AFCD736000B6415 /* PBXContainerItemProxy */;
		};
		DB651C4D1AFCD736000B6415 /* PBXTargetDependency */ = {
			isa = PBXTargetDependency;
			target = DB651C361AFCD736000B6415 /* HitokotoDataKit */;
			targetProxy = DB651C4C1AFCD736000B6415 /* PBXContainerItemProxy */;
		};
		DB6741981AFCD8D500834BAF /* PBXTargetDependency */ = {
			isa = PBXTargetDependency;
			target = DB67418B1AFCD8D500834BAF /* Hitokoto Widget */;
			targetProxy = DB6741971AFCD8D500834BAF /* PBXContainerItemProxy */;
		};
/* End PBXTargetDependency section */

/* Begin PBXVariantGroup section */
		DB651BE41AFBB9CA000B6415 /* Main.storyboard */ = {
			isa = PBXVariantGroup;
			children = (
				DB651BE51AFBB9CA000B6415 /* Base */,
			);
			name = Main.storyboard;
			sourceTree = "<group>";
		};
		DB651BE91AFBB9CA000B6415 /* LaunchScreen.xib */ = {
			isa = PBXVariantGroup;
			children = (
				DB651BEA1AFBB9CA000B6415 /* Base */,
			);
			name = LaunchScreen.xib;
			sourceTree = "<group>";
		};
/* End PBXVariantGroup section */

/* Begin XCBuildConfiguration section */
		DB651BF81AFBB9CA000B6415 /* Debug */ = {
			isa = XCBuildConfiguration;
			buildSettings = {
				ALWAYS_SEARCH_USER_PATHS = NO;
				CLANG_CXX_LANGUAGE_STANDARD = "gnu++0x";
				CLANG_CXX_LIBRARY = "libc++";
				CLANG_ENABLE_MODULES = YES;
				CLANG_ENABLE_OBJC_ARC = YES;
				CLANG_WARN_BOOL_CONVERSION = YES;
				CLANG_WARN_CONSTANT_CONVERSION = YES;
				CLANG_WARN_DIRECT_OBJC_ISA_USAGE = YES_ERROR;
				CLANG_WARN_EMPTY_BODY = YES;
				CLANG_WARN_ENUM_CONVERSION = YES;
				CLANG_WARN_INT_CONVERSION = YES;
				CLANG_WARN_OBJC_ROOT_CLASS = YES_ERROR;
				CLANG_WARN_UNREACHABLE_CODE = YES;
				CLANG_WARN__DUPLICATE_METHOD_MATCH = YES;
				"CODE_SIGN_IDENTITY[sdk=iphoneos*]" = "iPhone Developer";
				COPY_PHASE_STRIP = NO;
				DEBUG_INFORMATION_FORMAT = "dwarf-with-dsym";
				ENABLE_STRICT_OBJC_MSGSEND = YES;
				GCC_C_LANGUAGE_STANDARD = gnu99;
				GCC_DYNAMIC_NO_PIC = NO;
				GCC_NO_COMMON_BLOCKS = YES;
				GCC_OPTIMIZATION_LEVEL = 0;
				GCC_PREPROCESSOR_DEFINITIONS = (
					"DEBUG=1",
					"$(inherited)",
				);
				GCC_SYMBOLS_PRIVATE_EXTERN = NO;
				GCC_WARN_64_TO_32_BIT_CONVERSION = YES;
				GCC_WARN_ABOUT_RETURN_TYPE = YES_ERROR;
				GCC_WARN_UNDECLARED_SELECTOR = YES;
				GCC_WARN_UNINITIALIZED_AUTOS = YES_AGGRESSIVE;
				GCC_WARN_UNUSED_FUNCTION = YES;
				GCC_WARN_UNUSED_VARIABLE = YES;
				IPHONEOS_DEPLOYMENT_TARGET = 8.0;
				MTL_ENABLE_DEBUG_INFO = YES;
				ONLY_ACTIVE_ARCH = YES;
				SDKROOT = iphoneos;
				SWIFT_OPTIMIZATION_LEVEL = "-Onone";
				TARGETED_DEVICE_FAMILY = "1,2";
			};
			name = Debug;
		};
		DB651BF91AFBB9CA000B6415 /* Release */ = {
			isa = XCBuildConfiguration;
			buildSettings = {
				ALWAYS_SEARCH_USER_PATHS = NO;
				CLANG_CXX_LANGUAGE_STANDARD = "gnu++0x";
				CLANG_CXX_LIBRARY = "libc++";
				CLANG_ENABLE_MODULES = YES;
				CLANG_ENABLE_OBJC_ARC = YES;
				CLANG_WARN_BOOL_CONVERSION = YES;
				CLANG_WARN_CONSTANT_CONVERSION = YES;
				CLANG_WARN_DIRECT_OBJC_ISA_USAGE = YES_ERROR;
				CLANG_WARN_EMPTY_BODY = YES;
				CLANG_WARN_ENUM_CONVERSION = YES;
				CLANG_WARN_INT_CONVERSION = YES;
				CLANG_WARN_OBJC_ROOT_CLASS = YES_ERROR;
				CLANG_WARN_UNREACHABLE_CODE = YES;
				CLANG_WARN__DUPLICATE_METHOD_MATCH = YES;
				"CODE_SIGN_IDENTITY[sdk=iphoneos*]" = "iPhone Developer";
				COPY_PHASE_STRIP = NO;
				DEBUG_INFORMATION_FORMAT = "dwarf-with-dsym";
				ENABLE_NS_ASSERTIONS = NO;
				ENABLE_STRICT_OBJC_MSGSEND = YES;
				GCC_C_LANGUAGE_STANDARD = gnu99;
				GCC_NO_COMMON_BLOCKS = YES;
				GCC_WARN_64_TO_32_BIT_CONVERSION = YES;
				GCC_WARN_ABOUT_RETURN_TYPE = YES_ERROR;
				GCC_WARN_UNDECLARED_SELECTOR = YES;
				GCC_WARN_UNINITIALIZED_AUTOS = YES_AGGRESSIVE;
				GCC_WARN_UNUSED_FUNCTION = YES;
				GCC_WARN_UNUSED_VARIABLE = YES;
				IPHONEOS_DEPLOYMENT_TARGET = 8.0;
				MTL_ENABLE_DEBUG_INFO = NO;
				SDKROOT = iphoneos;
				TARGETED_DEVICE_FAMILY = "1,2";
				VALIDATE_PRODUCT = YES;
			};
			name = Release;
		};
		DB651BFB1AFBB9CA000B6415 /* Debug */ = {
			isa = XCBuildConfiguration;
			buildSettings = {
				ASSETCATALOG_COMPILER_APPICON_NAME = AppIcon;
				CODE_SIGN_IDENTITY = "iPhone Developer";
				INFOPLIST_FILE = hitokoto/Info.plist;
				LD_RUNPATH_SEARCH_PATHS = "$(inherited) @executable_path/Frameworks";
				PRODUCT_NAME = "$(TARGET_NAME)";
			};
			name = Debug;
		};
		DB651BFC1AFBB9CA000B6415 /* Release */ = {
			isa = XCBuildConfiguration;
			buildSettings = {
				ASSETCATALOG_COMPILER_APPICON_NAME = AppIcon;
				CODE_SIGN_IDENTITY = "iPhone Developer";
				INFOPLIST_FILE = hitokoto/Info.plist;
				LD_RUNPATH_SEARCH_PATHS = "$(inherited) @executable_path/Frameworks";
				PRODUCT_NAME = "$(TARGET_NAME)";
			};
			name = Release;
		};
		DB651BFE1AFBB9CA000B6415 /* Debug */ = {
			isa = XCBuildConfiguration;
			buildSettings = {
				BUNDLE_LOADER = "$(TEST_HOST)";
				FRAMEWORK_SEARCH_PATHS = (
					"$(SDKROOT)/Developer/Library/Frameworks",
					"$(inherited)",
				);
				GCC_PREPROCESSOR_DEFINITIONS = (
					"DEBUG=1",
					"$(inherited)",
				);
				INFOPLIST_FILE = hitokotoTests/Info.plist;
				LD_RUNPATH_SEARCH_PATHS = "$(inherited) @executable_path/Frameworks @loader_path/Frameworks";
				PRODUCT_NAME = "$(TARGET_NAME)";
				TEST_HOST = "$(BUILT_PRODUCTS_DIR)/hitokoto.app/hitokoto";
			};
			name = Debug;
		};
		DB651BFF1AFBB9CA000B6415 /* Release */ = {
			isa = XCBuildConfiguration;
			buildSettings = {
				BUNDLE_LOADER = "$(TEST_HOST)";
				FRAMEWORK_SEARCH_PATHS = (
					"$(SDKROOT)/Developer/Library/Frameworks",
					"$(inherited)",
				);
				INFOPLIST_FILE = hitokotoTests/Info.plist;
				LD_RUNPATH_SEARCH_PATHS = "$(inherited) @executable_path/Frameworks @loader_path/Frameworks";
				PRODUCT_NAME = "$(TARGET_NAME)";
				TEST_HOST = "$(BUILT_PRODUCTS_DIR)/hitokoto.app/hitokoto";
			};
			name = Release;
		};
		DB651C511AFCD737000B6415 /* Debug */ = {
			isa = XCBuildConfiguration;
			buildSettings = {
				APPLICATION_EXTENSION_API_ONLY = YES;
				CURRENT_PROJECT_VERSION = 1;
				DEFINES_MODULE = YES;
				DYLIB_COMPATIBILITY_VERSION = 1;
				DYLIB_CURRENT_VERSION = 1;
				DYLIB_INSTALL_NAME_BASE = "@rpath";
				GCC_PREPROCESSOR_DEFINITIONS = (
					"DEBUG=1",
					"$(inherited)",
				);
				INFOPLIST_FILE = HitokotoDataKit/Info.plist;
				INSTALL_PATH = "$(LOCAL_LIBRARY_DIR)/Frameworks";
				LD_RUNPATH_SEARCH_PATHS = "$(inherited) @executable_path/Frameworks @loader_path/Frameworks";
				PRODUCT_NAME = "$(TARGET_NAME)";
				SKIP_INSTALL = YES;
				VERSIONING_SYSTEM = "apple-generic";
				VERSION_INFO_PREFIX = "";
			};
			name = Debug;
		};
		DB651C521AFCD737000B6415 /* Release */ = {
			isa = XCBuildConfiguration;
			buildSettings = {
				APPLICATION_EXTENSION_API_ONLY = YES;
				CURRENT_PROJECT_VERSION = 1;
				DEFINES_MODULE = YES;
				DYLIB_COMPATIBILITY_VERSION = 1;
				DYLIB_CURRENT_VERSION = 1;
				DYLIB_INSTALL_NAME_BASE = "@rpath";
				INFOPLIST_FILE = HitokotoDataKit/Info.plist;
				INSTALL_PATH = "$(LOCAL_LIBRARY_DIR)/Frameworks";
				LD_RUNPATH_SEARCH_PATHS = "$(inherited) @executable_path/Frameworks @loader_path/Frameworks";
				PRODUCT_NAME = "$(TARGET_NAME)";
				SKIP_INSTALL = YES;
				VERSIONING_SYSTEM = "apple-generic";
				VERSION_INFO_PREFIX = "";
			};
			name = Release;
		};
		DB651C541AFCD737000B6415 /* Debug */ = {
			isa = XCBuildConfiguration;
			buildSettings = {
				FRAMEWORK_SEARCH_PATHS = (
					"$(SDKROOT)/Developer/Library/Frameworks",
					"$(inherited)",
				);
				GCC_PREPROCESSOR_DEFINITIONS = (
					"DEBUG=1",
					"$(inherited)",
				);
				INFOPLIST_FILE = HitokotoDataKitTests/Info.plist;
				LD_RUNPATH_SEARCH_PATHS = "$(inherited) @executable_path/Frameworks @loader_path/Frameworks";
				PRODUCT_NAME = "$(TARGET_NAME)";
				TEST_HOST = "$(BUILT_PRODUCTS_DIR)/hitokoto.app/hitokoto";
			};
			name = Debug;
		};
		DB651C551AFCD737000B6415 /* Release */ = {
			isa = XCBuildConfiguration;
			buildSettings = {
				FRAMEWORK_SEARCH_PATHS = (
					"$(SDKROOT)/Developer/Library/Frameworks",
					"$(inherited)",
				);
				INFOPLIST_FILE = HitokotoDataKitTests/Info.plist;
				LD_RUNPATH_SEARCH_PATHS = "$(inherited) @executable_path/Frameworks @loader_path/Frameworks";
				PRODUCT_NAME = "$(TARGET_NAME)";
				TEST_HOST = "$(BUILT_PRODUCTS_DIR)/hitokoto.app/hitokoto";
			};
			name = Release;
		};
		DB67419B1AFCD8D500834BAF /* Debug */ = {
			isa = XCBuildConfiguration;
			buildSettings = {
				ASSETCATALOG_COMPILER_APPICON_NAME = "AppIcon-2";
				CODE_SIGN_IDENTITY = "iPhone Developer";
				GCC_PREPROCESSOR_DEFINITIONS = (
					"DEBUG=1",
					"$(inherited)",
				);
				INFOPLIST_FILE = "Hitokoto Widget/Info.plist";
				LD_RUNPATH_SEARCH_PATHS = "$(inherited) @executable_path/Frameworks @executable_path/../../Frameworks";
				PRODUCT_NAME = "$(TARGET_NAME)";
				SKIP_INSTALL = YES;
			};
			name = Debug;
		};
		DB67419C1AFCD8D500834BAF /* Release */ = {
			isa = XCBuildConfiguration;
			buildSettings = {
				ASSETCATALOG_COMPILER_APPICON_NAME = "AppIcon-2";
				CODE_SIGN_IDENTITY = "iPhone Developer";
				INFOPLIST_FILE = "Hitokoto Widget/Info.plist";
				LD_RUNPATH_SEARCH_PATHS = "$(inherited) @executable_path/Frameworks @executable_path/../../Frameworks";
				PRODUCT_NAME = "$(TARGET_NAME)";
				SKIP_INSTALL = YES;
			};
			name = Release;
		};
/* End XCBuildConfiguration section */

/* Begin XCConfigurationList section */
		DB651BD61AFBB9CA000B6415 /* Build configuration list for PBXProject "hitokoto" */ = {
			isa = XCConfigurationList;
			buildConfigurations = (
				DB651BF81AFBB9CA000B6415 /* Debug */,
				DB651BF91AFBB9CA000B6415 /* Release */,
			);
			defaultConfigurationIsVisible = 0;
			defaultConfigurationName = Release;
		};
		DB651BFA1AFBB9CA000B6415 /* Build configuration list for PBXNativeTarget "hitokoto" */ = {
			isa = XCConfigurationList;
			buildConfigurations = (
				DB651BFB1AFBB9CA000B6415 /* Debug */,
				DB651BFC1AFBB9CA000B6415 /* Release */,
			);
			defaultConfigurationIsVisible = 0;
			defaultConfigurationName = Release;
		};
		DB651BFD1AFBB9CA000B6415 /* Build configuration list for PBXNativeTarget "hitokotoTests" */ = {
			isa = XCConfigurationList;
			buildConfigurations = (
				DB651BFE1AFBB9CA000B6415 /* Debug */,
				DB651BFF1AFBB9CA000B6415 /* Release */,
			);
			defaultConfigurationIsVisible = 0;
			defaultConfigurationName = Release;
		};
		DB651C501AFCD737000B6415 /* Build configuration list for PBXNativeTarget "HitokotoDataKit" */ = {
			isa = XCConfigurationList;
			buildConfigurations = (
				DB651C511AFCD737000B6415 /* Debug */,
				DB651C521AFCD737000B6415 /* Release */,
			);
			defaultConfigurationIsVisible = 0;
			defaultConfigurationName = Release;
		};
		DB651C531AFCD737000B6415 /* Build configuration list for PBXNativeTarget "HitokotoDataKitTests" */ = {
			isa = XCConfigurationList;
			buildConfigurations = (
				DB651C541AFCD737000B6415 /* Debug */,
				DB651C551AFCD737000B6415 /* Release */,
			);
			defaultConfigurationIsVisible = 0;
			defaultConfigurationName = Release;
		};
		DB67419A1AFCD8D500834BAF /* Build configuration list for PBXNativeTarget "Hitokoto Widget" */ = {
			isa = XCConfigurationList;
			buildConfigurations = (
				DB67419B1AFCD8D500834BAF /* Debug */,
				DB67419C1AFCD8D500834BAF /* Release */,
			);
			defaultConfigurationIsVisible = 0;
			defaultConfigurationName = Release;
		};
/* End XCConfigurationList section */
	};
	rootObject = DB651BD31AFBB9CA000B6415 /* Project object */;
}
